NeoBundleLock jellybeans.vim 3c3cda96513be1585734e178dc69c8e899c2d922
NeoBundleLock molokai db8ce13b3737d3ddea8368498183d7c204a762eb
NeoBundleLock mustang-vim 6533d7d21bf27cae94d9c2caa575f627f003dfd5
NeoBundleLock neobundle.vim dab02f0513dc7f8832cb7c191d43b84982ef34cb
NeoBundleLock neocomplete.vim 30497b751fe3c8d6cc25a8abbc17a0d6d8dc1e38
NeoBundleLock neosnippet 044c9cb8ca46a5e27eec37198990c26fe707b02a
NeoBundleLock neosnippet-snippets d2296c11d759fa5dd9a0b7f2f554e223e9adad7f
NeoBundleLock nerdtree 3b98a7fcae8f9fff356907171f0406ff8cd28921
NeoBundleLock syntastic 47821840200cd8e14e99001caac602a37cdf8d5c
NeoBundleLock unite-colorscheme 3aa33866a183f7659594a3f6b66b2334eaebc6a0
NeoBundleLock unite.vim 605e77f0ba3b61e8be5c6ab7d04826af001233d1
NeoBundleLock vim-colors-solarized 528a59f26d12278698bb946f8fb82a63711eec21
NeoBundleLock vimproc 04b45cd80f48f66daed04a1a48a7ea4e7d316086
