NeoBundleLock jellybeans.vim 0761708c890becd3e027551068e0ae272da003e0
NeoBundleLock neobundle.vim 27c473e6b8c0d9aef620d4a993615a5537175e36
NeoBundleLock neocomplete.vim 98b7682408f988e301c4644c68b95e81de053c70
NeoBundleLock neosnippet-snippets d2296c11d759fa5dd9a0b7f2f554e223e9adad7f
NeoBundleLock neosnippet.vim 044c9cb8ca46a5e27eec37198990c26fe707b02a
NeoBundleLock nerdtree 3b98a7fcae8f9fff356907171f0406ff8cd28921
NeoBundleLock tern_for_vim c677b663adc1e34f4419c70f278dc78d017e673b
NeoBundleLock unite.vim 8460f6502e3961db1acb972b9b888db2b43327cf
NeoBundleLock vim-surround fd75eb2cb2ffe85a457445cb152d5a6c7acda140
NeoBundleLock vimproc 04b45cd80f48f66daed04a1a48a7ea4e7d316086
